PODS:
  - SnapKit (5.0.0)
  - Starscream (3.1.0)
  - SwiftyUserDefaults (4.0.0)

DEPENDENCIES:
  - SnapKit
  - Starscream
  - SwiftyUserDefaults

SPEC REPOS:
  https://github.com/cocoapods/specs.git:
    - SnapKit
    - Starscream
    - SwiftyUserDefaults

SPEC CHECKSUMS:
  SnapKit: fd22d10eb9aff484d79a8724eab922c1ddf89bcf
  Starscream: 08172b481e145289c4930cb567230fb55897cfa4
  SwiftyUserDefaults: 6a1951df1daa19337862b677dd9a4b9bd4c288cd

PODFILE CHECKSUM: 9aae6c8b8f45ecb6f466f81ba9019faa8738d5bb

COCOAPODS: 1.7.5
